
Microsoft Visual Studio Solution File, Format Version 12.00
# Visual Studio Version 17
VisualStudioVersion = 17.14.36401.2 d17.14
MinimumVisualStudioVersion = 10.0.40219.1
Project("{FAE04EC0-301F-11D3-BF4B-00C04F79EFBC}") = "Zadanie dla chętnych", "Zadanie dla chętnych.csproj", "{658A76DE-5B93-419A-8247-69D848518C01}"
EndProject
Global
	GlobalSection(SolutionConfigurationPlatforms) = preSolution
		Debug|Any CPU = Debug|Any CPU
		Release|Any CPU = Release|Any CPU
	EndGlobalSection
	GlobalSection(ProjectConfigurationPlatforms) = postSolution
		{658A76DE-5B93-419A-8247-69D848518C01}.Debug|Any CPU.ActiveCfg = Debug|Any CPU
		{658A76DE-5B93-419A-8247-69D848518C01}.Debug|Any CPU.Build.0 = Debug|Any CPU
		{658A76DE-5B93-419A-8247-69D848518C01}.Release|Any CPU.ActiveCfg = Release|Any CPU
		{658A76DE-5B93-419A-8247-69D848518C01}.Release|Any CPU.Build.0 = Release|Any CPU
	EndGlobalSection
	GlobalSection(SolutionProperties) = preSolution
		HideSolutionNode = FALSE
	EndGlobalSection
	GlobalSection(ExtensibilityGlobals) = postSolution
		SolutionGuid = {48915597-A5C9-478A-A437-D3AF7CCD42DE}
	EndGlobalSection
EndGlobal
